
Microsoft Visual Studio Solution File, Format Version 12.00
# Visual Studio Version 16
VisualStudioVersion = 16.0.28803.352
MinimumVisualStudioVersion = 10.0.40219.1
Project("{2150E333-8FDC-42A3-9474-1A3956D46DE8}") = "CMakePredefinedTargets", "CMakePredefinedTargets", "{369359F6-AC92-3D46-B479-AFBBA948635F}"
EndProject
Project("{2150E333-8FDC-42A3-9474-1A3956D46DE8}") = "External", "External", "{EA886CDD-F0F6-3414-BCD0-4FD7E221155B}"
EndProject
Project("{2150E333-8FDC-42A3-9474-1A3956D46DE8}") = "Internal", "Internal", "{1F919379-B688-3762-B79E-EB2733E426CA}"
EndProject
Project("{2150E333-8FDC-42A3-9474-1A3956D46DE8}") = "Utils", "Utils", "{C2FC3468-2B27-3EF5-B9D8-2CBC831B8DA9}"
EndProject
Project("{8BC9CEB8-8B4A-11D0-8D11-00A0C91BC942}") = "ALL_BUILD", "ALL_BUILD.vcxproj", "{04414553-1389-33C5-907F-1F5556AA77DF}"
	ProjectSection(ProjectDependencies) = postProject
		{B0D020C5-9C17-3B59-9D56-E06FD8F3563C} = {B0D020C5-9C17-3B59-9D56-E06FD8F3563C}
		{0DFE219C-4D39-3E63-ABD3-08CF8D000F78} = {0DFE219C-4D39-3E63-ABD3-08CF8D000F78}
		{4B4CA61C-4A10-3DDF-AC41-B7676673192C} = {4B4CA61C-4A10-3DDF-AC41-B7676673192C}
		{183FE41C-A3C4-3093-A02C-88C8AF72205F} = {183FE41C-A3C4-3093-A02C-88C8AF72205F}
		{28676B1B-4CD2-3FE3-A9E5-4F6910F0E637} = {28676B1B-4CD2-3FE3-A9E5-4F6910F0E637}
		{233865A7-6DA4-3B5D-8060-088363B53129} = {233865A7-6DA4-3B5D-8060-088363B53129}
		{DE5EAF48-AC67-3F62-947E-83E7244B31FC} = {DE5EAF48-AC67-3F62-947E-83E7244B31FC}
		{8B86987A-406B-3C3F-8293-C05BA0E350A2} = {8B86987A-406B-3C3F-8293-C05BA0E350A2}
		{BEF87B6C-1EBF-3648-AC84-3D9A9ED6E271} = {BEF87B6C-1EBF-3648-AC84-3D9A9ED6E271}
		{B6506491-A2F1-3675-A9FC-223D4FC0AB32} = {B6506491-A2F1-3675-A9FC-223D4FC0AB32}
		{99B5FDE1-AC8B-3A4F-8B42-5AD35407E628} = {99B5FDE1-AC8B-3A4F-8B42-5AD35407E628}
		{6AE6F64A-4E63-3DFE-A013-766B7A895460} = {6AE6F64A-4E63-3DFE-A013-766B7A895460}
		{C91A603D-7030-3263-9E04-7096404B94D7} = {C91A603D-7030-3263-9E04-7096404B94D7}
		{0CBC6C91-BE3E-30EC-AF18-62A82DC7D076} = {0CBC6C91-BE3E-30EC-AF18-62A82DC7D076}
		{6907BC16-E36E-325C-8DB5-E82779763CD4} = {6907BC16-E36E-325C-8DB5-E82779763CD4}
	EndProjectSection
EndProject
Project("{8BC9CEB8-8B4A-11D0-8D11-00A0C91BC942}") = "SYNC_RESOURCE-Spinner", "SYNC_RESOURCE-Spinner.vcxproj", "{B0D020C5-9C17-3B59-9D56-E06FD8F3563C}"
	ProjectSection(ProjectDependencies) = postProject
		{4B4CA61C-4A10-3DDF-AC41-B7676673192C} = {4B4CA61C-4A10-3DDF-AC41-B7676673192C}
	EndProjectSection
EndProject
Project("{8BC9CEB8-8B4A-11D0-8D11-00A0C91BC942}") = "Spinner", "Spinner.vcxproj", "{0DFE219C-4D39-3E63-ABD3-08CF8D000F78}"
	ProjectSection(ProjectDependencies) = postProject
		{B0D020C5-9C17-3B59-9D56-E06FD8F3563C} = {B0D020C5-9C17-3B59-9D56-E06FD8F3563C}
		{4B4CA61C-4A10-3DDF-AC41-B7676673192C} = {4B4CA61C-4A10-3DDF-AC41-B7676673192C}
		{183FE41C-A3C4-3093-A02C-88C8AF72205F} = {183FE41C-A3C4-3093-A02C-88C8AF72205F}
		{28676B1B-4CD2-3FE3-A9E5-4F6910F0E637} = {28676B1B-4CD2-3FE3-A9E5-4F6910F0E637}
		{233865A7-6DA4-3B5D-8060-088363B53129} = {233865A7-6DA4-3B5D-8060-088363B53129}
		{DE5EAF48-AC67-3F62-947E-83E7244B31FC} = {DE5EAF48-AC67-3F62-947E-83E7244B31FC}
		{8B86987A-406B-3C3F-8293-C05BA0E350A2} = {8B86987A-406B-3C3F-8293-C05BA0E350A2}
		{BEF87B6C-1EBF-3648-AC84-3D9A9ED6E271} = {BEF87B6C-1EBF-3648-AC84-3D9A9ED6E271}
		{B6506491-A2F1-3675-A9FC-223D4FC0AB32} = {B6506491-A2F1-3675-A9FC-223D4FC0AB32}
		{99B5FDE1-AC8B-3A4F-8B42-5AD35407E628} = {99B5FDE1-AC8B-3A4F-8B42-5AD35407E628}
		{6AE6F64A-4E63-3DFE-A013-766B7A895460} = {6AE6F64A-4E63-3DFE-A013-766B7A895460}
		{C91A603D-7030-3263-9E04-7096404B94D7} = {C91A603D-7030-3263-9E04-7096404B94D7}
		{0CBC6C91-BE3E-30EC-AF18-62A82DC7D076} = {0CBC6C91-BE3E-30EC-AF18-62A82DC7D076}
		{6907BC16-E36E-325C-8DB5-E82779763CD4} = {6907BC16-E36E-325C-8DB5-E82779763CD4}
	EndProjectSection
EndProject
Project("{8BC9CEB8-8B4A-11D0-8D11-00A0C91BC942}") = "ZERO_CHECK", "ZERO_CHECK.vcxproj", "{4B4CA61C-4A10-3DDF-AC41-B7676673192C}"
EndProject
Project("{8BC9CEB8-8B4A-11D0-8D11-00A0C91BC942}") = "cocos2d", "engine\cocos\core\cocos2d.vcxproj", "{183FE41C-A3C4-3093-A02C-88C8AF72205F}"
	ProjectSection(ProjectDependencies) = postProject
		{4B4CA61C-4A10-3DDF-AC41-B7676673192C} = {4B4CA61C-4A10-3DDF-AC41-B7676673192C}
		{28676B1B-4CD2-3FE3-A9E5-4F6910F0E637} = {28676B1B-4CD2-3FE3-A9E5-4F6910F0E637}
		{233865A7-6DA4-3B5D-8060-088363B53129} = {233865A7-6DA4-3B5D-8060-088363B53129}
		{DE5EAF48-AC67-3F62-947E-83E7244B31FC} = {DE5EAF48-AC67-3F62-947E-83E7244B31FC}
		{8B86987A-406B-3C3F-8293-C05BA0E350A2} = {8B86987A-406B-3C3F-8293-C05BA0E350A2}
		{BEF87B6C-1EBF-3648-AC84-3D9A9ED6E271} = {BEF87B6C-1EBF-3648-AC84-3D9A9ED6E271}
		{B6506491-A2F1-3675-A9FC-223D4FC0AB32} = {B6506491-A2F1-3675-A9FC-223D4FC0AB32}
		{99B5FDE1-AC8B-3A4F-8B42-5AD35407E628} = {99B5FDE1-AC8B-3A4F-8B42-5AD35407E628}
		{6AE6F64A-4E63-3DFE-A013-766B7A895460} = {6AE6F64A-4E63-3DFE-A013-766B7A895460}
		{C91A603D-7030-3263-9E04-7096404B94D7} = {C91A603D-7030-3263-9E04-7096404B94D7}
		{0CBC6C91-BE3E-30EC-AF18-62A82DC7D076} = {0CBC6C91-BE3E-30EC-AF18-62A82DC7D076}
		{6907BC16-E36E-325C-8DB5-E82779763CD4} = {6907BC16-E36E-325C-8DB5-E82779763CD4}
	EndProjectSection
EndProject
Project("{8BC9CEB8-8B4A-11D0-8D11-00A0C91BC942}") = "ext_clipper", "engine\external\clipper\ext_clipper.vcxproj", "{28676B1B-4CD2-3FE3-A9E5-4F6910F0E637}"
	ProjectSection(ProjectDependencies) = postProject
		{4B4CA61C-4A10-3DDF-AC41-B7676673192C} = {4B4CA61C-4A10-3DDF-AC41-B7676673192C}
	EndProjectSection
EndProject
Project("{8BC9CEB8-8B4A-11D0-8D11-00A0C91BC942}") = "ext_convertUTF", "engine\external\ConvertUTF\ext_convertUTF.vcxproj", "{233865A7-6DA4-3B5D-8060-088363B53129}"
	ProjectSection(ProjectDependencies) = postProject
		{4B4CA61C-4A10-3DDF-AC41-B7676673192C} = {4B4CA61C-4A10-3DDF-AC41-B7676673192C}
	EndProjectSection
EndProject
Project("{8BC9CEB8-8B4A-11D0-8D11-00A0C91BC942}") = "ext_edtaa3func", "engine\external\edtaa3func\ext_edtaa3func.vcxproj", "{DE5EAF48-AC67-3F62-947E-83E7244B31FC}"
	ProjectSection(ProjectDependencies) = postProject
		{4B4CA61C-4A10-3DDF-AC41-B7676673192C} = {4B4CA61C-4A10-3DDF-AC41-B7676673192C}
	EndProjectSection
EndProject
Project("{8BC9CEB8-8B4A-11D0-8D11-00A0C91BC942}") = "ext_md5", "engine\external\md5\ext_md5.vcxproj", "{8B86987A-406B-3C3F-8293-C05BA0E350A2}"
	ProjectSection(ProjectDependencies) = postProject
		{4B4CA61C-4A10-3DDF-AC41-B7676673192C} = {4B4CA61C-4A10-3DDF-AC41-B7676673192C}
	EndProjectSection
EndProject
Project("{8BC9CEB8-8B4A-11D0-8D11-00A0C91BC942}") = "ext_poly2tri", "engine\external\poly2tri\ext_poly2tri.vcxproj", "{BEF87B6C-1EBF-3648-AC84-3D9A9ED6E271}"
	ProjectSection(ProjectDependencies) = postProject
		{4B4CA61C-4A10-3DDF-AC41-B7676673192C} = {4B4CA61C-4A10-3DDF-AC41-B7676673192C}
	EndProjectSection
EndProject
Project("{8BC9CEB8-8B4A-11D0-8D11-00A0C91BC942}") = "ext_recast", "engine\external\recast\ext_recast.vcxproj", "{B6506491-A2F1-3675-A9FC-223D4FC0AB32}"
	ProjectSection(ProjectDependencies) = postProject
		{4B4CA61C-4A10-3DDF-AC41-B7676673192C} = {4B4CA61C-4A10-3DDF-AC41-B7676673192C}
	EndProjectSection
EndProject
Project("{8BC9CEB8-8B4A-11D0-8D11-00A0C91BC942}") = "ext_tinyxml2", "engine\external\tinyxml2\ext_tinyxml2.vcxproj", "{99B5FDE1-AC8B-3A4F-8B42-5AD35407E628}"
	ProjectSection(ProjectDependencies) = postProject
		{4B4CA61C-4A10-3DDF-AC41-B7676673192C} = {4B4CA61C-4A10-3DDF-AC41-B7676673192C}
	EndProjectSection
EndProject
Project("{8BC9CEB8-8B4A-11D0-8D11-00A0C91BC942}") = "ext_unzip", "engine\external\unzip\ext_unzip.vcxproj", "{6AE6F64A-4E63-3DFE-A013-766B7A895460}"
	ProjectSection(ProjectDependencies) = postProject
		{4B4CA61C-4A10-3DDF-AC41-B7676673192C} = {4B4CA61C-4A10-3DDF-AC41-B7676673192C}
	EndProjectSection
EndProject
Project("{8BC9CEB8-8B4A-11D0-8D11-00A0C91BC942}") = "ext_xxhash", "engine\external\xxhash\ext_xxhash.vcxproj", "{C91A603D-7030-3263-9E04-7096404B94D7}"
	ProjectSection(ProjectDependencies) = postProject
		{4B4CA61C-4A10-3DDF-AC41-B7676673192C} = {4B4CA61C-4A10-3DDF-AC41-B7676673192C}
	EndProjectSection
EndProject
Project("{8BC9CEB8-8B4A-11D0-8D11-00A0C91BC942}") = "ext_xxtea", "engine\external\xxtea\ext_xxtea.vcxproj", "{0CBC6C91-BE3E-30EC-AF18-62A82DC7D076}"
	ProjectSection(ProjectDependencies) = postProject
		{4B4CA61C-4A10-3DDF-AC41-B7676673192C} = {4B4CA61C-4A10-3DDF-AC41-B7676673192C}
	EndProjectSection
EndProject
Project("{8BC9CEB8-8B4A-11D0-8D11-00A0C91BC942}") = "external", "engine\external\external.vcxproj", "{6907BC16-E36E-325C-8DB5-E82779763CD4}"
	ProjectSection(ProjectDependencies) = postProject
		{4B4CA61C-4A10-3DDF-AC41-B7676673192C} = {4B4CA61C-4A10-3DDF-AC41-B7676673192C}
		{28676B1B-4CD2-3FE3-A9E5-4F6910F0E637} = {28676B1B-4CD2-3FE3-A9E5-4F6910F0E637}
		{233865A7-6DA4-3B5D-8060-088363B53129} = {233865A7-6DA4-3B5D-8060-088363B53129}
		{DE5EAF48-AC67-3F62-947E-83E7244B31FC} = {DE5EAF48-AC67-3F62-947E-83E7244B31FC}
		{8B86987A-406B-3C3F-8293-C05BA0E350A2} = {8B86987A-406B-3C3F-8293-C05BA0E350A2}
		{BEF87B6C-1EBF-3648-AC84-3D9A9ED6E271} = {BEF87B6C-1EBF-3648-AC84-3D9A9ED6E271}
		{B6506491-A2F1-3675-A9FC-223D4FC0AB32} = {B6506491-A2F1-3675-A9FC-223D4FC0AB32}
		{99B5FDE1-AC8B-3A4F-8B42-5AD35407E628} = {99B5FDE1-AC8B-3A4F-8B42-5AD35407E628}
		{6AE6F64A-4E63-3DFE-A013-766B7A895460} = {6AE6F64A-4E63-3DFE-A013-766B7A895460}
		{C91A603D-7030-3263-9E04-7096404B94D7} = {C91A603D-7030-3263-9E04-7096404B94D7}
		{0CBC6C91-BE3E-30EC-AF18-62A82DC7D076} = {0CBC6C91-BE3E-30EC-AF18-62A82DC7D076}
	EndProjectSection
EndProject
Global
	GlobalSection(SolutionConfigurationPlatforms) = preSolution
		Debug|Win32 = Debug|Win32
		Debug|x64 = Debug|x64
		MinSizeRel|Win32 = MinSizeRel|Win32
		MinSizeRel|x64 = MinSizeRel|x64
		Release|Win32 = Release|Win32
		Release|x64 = Release|x64
		RelWithDebInfo|Win32 = RelWithDebInfo|Win32
		RelWithDebInfo|x64 = RelWithDebInfo|x64
		X86|Win32 = X86|Win32
		X86|x64 = X86|x64
	EndGlobalSection
	GlobalSection(ProjectConfigurationPlatforms) = postSolution
		{04414553-1389-33C5-907F-1F5556AA77DF}.Debug|Win32.ActiveCfg = Debug|x64
		{04414553-1389-33C5-907F-1F5556AA77DF}.Debug|x64.ActiveCfg = Debug|x64
		{04414553-1389-33C5-907F-1F5556AA77DF}.MinSizeRel|Win32.ActiveCfg = MinSizeRel|x64
		{04414553-1389-33C5-907F-1F5556AA77DF}.MinSizeRel|x64.ActiveCfg = MinSizeRel|x64
		{04414553-1389-33C5-907F-1F5556AA77DF}.Release|Win32.ActiveCfg = Release|x64
		{04414553-1389-33C5-907F-1F5556AA77DF}.Release|x64.ActiveCfg = Release|x64
		{04414553-1389-33C5-907F-1F5556AA77DF}.RelWithDebInfo|Win32.ActiveCfg = RelWithDebInfo|x64
		{04414553-1389-33C5-907F-1F5556AA77DF}.RelWithDebInfo|x64.ActiveCfg = RelWithDebInfo|x64
		{04414553-1389-33C5-907F-1F5556AA77DF}.X86|Win32.ActiveCfg = X86|x64
		{04414553-1389-33C5-907F-1F5556AA77DF}.X86|x64.ActiveCfg = X86|x64
		{B0D020C5-9C17-3B59-9D56-E06FD8F3563C}.Debug|Win32.ActiveCfg = Debug|x64
		{B0D020C5-9C17-3B59-9D56-E06FD8F3563C}.Debug|x64.ActiveCfg = Debug|x64
		{B0D020C5-9C17-3B59-9D56-E06FD8F3563C}.Debug|x64.Build.0 = Debug|x64
		{B0D020C5-9C17-3B59-9D56-E06FD8F3563C}.MinSizeRel|Win32.ActiveCfg = MinSizeRel|x64
		{B0D020C5-9C17-3B59-9D56-E06FD8F3563C}.MinSizeRel|x64.ActiveCfg = MinSizeRel|x64
		{B0D020C5-9C17-3B59-9D56-E06FD8F3563C}.MinSizeRel|x64.Build.0 = MinSizeRel|x64
		{B0D020C5-9C17-3B59-9D56-E06FD8F3563C}.Release|Win32.ActiveCfg = Release|x64
		{B0D020C5-9C17-3B59-9D56-E06FD8F3563C}.Release|x64.ActiveCfg = Release|x64
		{B0D020C5-9C17-3B59-9D56-E06FD8F3563C}.Release|x64.Build.0 = Release|x64
		{B0D020C5-9C17-3B59-9D56-E06FD8F3563C}.RelWithDebInfo|Win32.ActiveCfg = RelWithDebInfo|x64
		{B0D020C5-9C17-3B59-9D56-E06FD8F3563C}.RelWithDebInfo|x64.ActiveCfg = RelWithDebInfo|x64
		{B0D020C5-9C17-3B59-9D56-E06FD8F3563C}.RelWithDebInfo|x64.Build.0 = RelWithDebInfo|x64
		{B0D020C5-9C17-3B59-9D56-E06FD8F3563C}.X86|Win32.ActiveCfg = X86|x64
		{B0D020C5-9C17-3B59-9D56-E06FD8F3563C}.X86|x64.ActiveCfg = X86|x64
		{B0D020C5-9C17-3B59-9D56-E06FD8F3563C}.X86|x64.Build.0 = X86|x64
		{0DFE219C-4D39-3E63-ABD3-08CF8D000F78}.Debug|Win32.ActiveCfg = Debug|x64
		{0DFE219C-4D39-3E63-ABD3-08CF8D000F78}.Debug|x64.ActiveCfg = Debug|x64
		{0DFE219C-4D39-3E63-ABD3-08CF8D000F78}.Debug|x64.Build.0 = Debug|x64
		{0DFE219C-4D39-3E63-ABD3-08CF8D000F78}.MinSizeRel|Win32.ActiveCfg = MinSizeRel|x64
		{0DFE219C-4D39-3E63-ABD3-08CF8D000F78}.MinSizeRel|x64.ActiveCfg = MinSizeRel|x64
		{0DFE219C-4D39-3E63-ABD3-08CF8D000F78}.MinSizeRel|x64.Build.0 = MinSizeRel|x64
		{0DFE219C-4D39-3E63-ABD3-08CF8D000F78}.Release|Win32.ActiveCfg = Release|x64
		{0DFE219C-4D39-3E63-ABD3-08CF8D000F78}.Release|x64.ActiveCfg = Release|x64
		{0DFE219C-4D39-3E63-ABD3-08CF8D000F78}.Release|x64.Build.0 = Release|x64
		{0DFE219C-4D39-3E63-ABD3-08CF8D000F78}.RelWithDebInfo|Win32.ActiveCfg = RelWithDebInfo|x64
		{0DFE219C-4D39-3E63-ABD3-08CF8D000F78}.RelWithDebInfo|x64.ActiveCfg = RelWithDebInfo|x64
		{0DFE219C-4D39-3E63-ABD3-08CF8D000F78}.RelWithDebInfo|x64.Build.0 = RelWithDebInfo|x64
		{0DFE219C-4D39-3E63-ABD3-08CF8D000F78}.X86|Win32.ActiveCfg = X86|x64
		{0DFE219C-4D39-3E63-ABD3-08CF8D000F78}.X86|x64.ActiveCfg = X86|x64
		{0DFE219C-4D39-3E63-ABD3-08CF8D000F78}.X86|x64.Build.0 = X86|x64
		{4B4CA61C-4A10-3DDF-AC41-B7676673192C}.Debug|Win32.ActiveCfg = Debug|x64
		{4B4CA61C-4A10-3DDF-AC41-B7676673192C}.Debug|x64.ActiveCfg = Debug|x64
		{4B4CA61C-4A10-3DDF-AC41-B7676673192C}.Debug|x64.Build.0 = Debug|x64
		{4B4CA61C-4A10-3DDF-AC41-B7676673192C}.MinSizeRel|Win32.ActiveCfg = MinSizeRel|x64
		{4B4CA61C-4A10-3DDF-AC41-B7676673192C}.MinSizeRel|x64.ActiveCfg = MinSizeRel|x64
		{4B4CA61C-4A10-3DDF-AC41-B7676673192C}.MinSizeRel|x64.Build.0 = MinSizeRel|x64
		{4B4CA61C-4A10-3DDF-AC41-B7676673192C}.Release|Win32.ActiveCfg = Release|x64
		{4B4CA61C-4A10-3DDF-AC41-B7676673192C}.Release|x64.ActiveCfg = Release|x64
		{4B4CA61C-4A10-3DDF-AC41-B7676673192C}.Release|x64.Build.0 = Release|x64
		{4B4CA61C-4A10-3DDF-AC41-B7676673192C}.RelWithDebInfo|Win32.ActiveCfg = RelWithDebInfo|x64
		{4B4CA61C-4A10-3DDF-AC41-B7676673192C}.RelWithDebInfo|x64.ActiveCfg = RelWithDebInfo|x64
		{4B4CA61C-4A10-3DDF-AC41-B7676673192C}.RelWithDebInfo|x64.Build.0 = RelWithDebInfo|x64
		{4B4CA61C-4A10-3DDF-AC41-B7676673192C}.X86|Win32.ActiveCfg = X86|x64
		{4B4CA61C-4A10-3DDF-AC41-B7676673192C}.X86|x64.ActiveCfg = X86|x64
		{4B4CA61C-4A10-3DDF-AC41-B7676673192C}.X86|x64.Build.0 = X86|x64
		{183FE41C-A3C4-3093-A02C-88C8AF72205F}.Debug|Win32.ActiveCfg = Debug|x64
		{183FE41C-A3C4-3093-A02C-88C8AF72205F}.Debug|x64.ActiveCfg = Debug|x64
		{183FE41C-A3C4-3093-A02C-88C8AF72205F}.Debug|x64.Build.0 = Debug|x64
		{183FE41C-A3C4-3093-A02C-88C8AF72205F}.MinSizeRel|Win32.ActiveCfg = MinSizeRel|x64
		{183FE41C-A3C4-3093-A02C-88C8AF72205F}.MinSizeRel|x64.ActiveCfg = MinSizeRel|x64
		{183FE41C-A3C4-3093-A02C-88C8AF72205F}.MinSizeRel|x64.Build.0 = MinSizeRel|x64
		{183FE41C-A3C4-3093-A02C-88C8AF72205F}.Release|Win32.ActiveCfg = Release|x64
		{183FE41C-A3C4-3093-A02C-88C8AF72205F}.Release|x64.ActiveCfg = Release|x64
		{183FE41C-A3C4-3093-A02C-88C8AF72205F}.Release|x64.Build.0 = Release|x64
		{183FE41C-A3C4-3093-A02C-88C8AF72205F}.RelWithDebInfo|Win32.ActiveCfg = RelWithDebInfo|x64
		{183FE41C-A3C4-3093-A02C-88C8AF72205F}.RelWithDebInfo|x64.ActiveCfg = RelWithDebInfo|x64
		{183FE41C-A3C4-3093-A02C-88C8AF72205F}.RelWithDebInfo|x64.Build.0 = RelWithDebInfo|x64
		{183FE41C-A3C4-3093-A02C-88C8AF72205F}.X86|Win32.ActiveCfg = X86|x64
		{183FE41C-A3C4-3093-A02C-88C8AF72205F}.X86|x64.ActiveCfg = X86|x64
		{183FE41C-A3C4-3093-A02C-88C8AF72205F}.X86|x64.Build.0 = X86|x64
		{28676B1B-4CD2-3FE3-A9E5-4F6910F0E637}.Debug|Win32.ActiveCfg = Debug|x64
		{28676B1B-4CD2-3FE3-A9E5-4F6910F0E637}.Debug|x64.ActiveCfg = Debug|x64
		{28676B1B-4CD2-3FE3-A9E5-4F6910F0E637}.Debug|x64.Build.0 = Debug|x64
		{28676B1B-4CD2-3FE3-A9E5-4F6910F0E637}.MinSizeRel|Win32.ActiveCfg = MinSizeRel|x64
		{28676B1B-4CD2-3FE3-A9E5-4F6910F0E637}.MinSizeRel|x64.ActiveCfg = MinSizeRel|x64
		{28676B1B-4CD2-3FE3-A9E5-4F6910F0E637}.MinSizeRel|x64.Build.0 = MinSizeRel|x64
		{28676B1B-4CD2-3FE3-A9E5-4F6910F0E637}.Release|Win32.ActiveCfg = Release|x64
		{28676B1B-4CD2-3FE3-A9E5-4F6910F0E637}.Release|x64.ActiveCfg = Release|x64
		{28676B1B-4CD2-3FE3-A9E5-4F6910F0E637}.Release|x64.Build.0 = Release|x64
		{28676B1B-4CD2-3FE3-A9E5-4F6910F0E637}.RelWithDebInfo|Win32.ActiveCfg = RelWithDebInfo|x64
		{28676B1B-4CD2-3FE3-A9E5-4F6910F0E637}.RelWithDebInfo|x64.ActiveCfg = RelWithDebInfo|x64
		{28676B1B-4CD2-3FE3-A9E5-4F6910F0E637}.RelWithDebInfo|x64.Build.0 = RelWithDebInfo|x64
		{28676B1B-4CD2-3FE3-A9E5-4F6910F0E637}.X86|Win32.ActiveCfg = X86|x64
		{28676B1B-4CD2-3FE3-A9E5-4F6910F0E637}.X86|x64.ActiveCfg = X86|x64
		{28676B1B-4CD2-3FE3-A9E5-4F6910F0E637}.X86|x64.Build.0 = X86|x64
		{233865A7-6DA4-3B5D-8060-088363B53129}.Debug|Win32.ActiveCfg = Debug|x64
		{233865A7-6DA4-3B5D-8060-088363B53129}.Debug|x64.ActiveCfg = Debug|x64
		{233865A7-6DA4-3B5D-8060-088363B53129}.Debug|x64.Build.0 = Debug|x64
		{233865A7-6DA4-3B5D-8060-088363B53129}.MinSizeRel|Win32.ActiveCfg = MinSizeRel|x64
		{233865A7-6DA4-3B5D-8060-088363B53129}.MinSizeRel|x64.ActiveCfg = MinSizeRel|x64
		{233865A7-6DA4-3B5D-8060-088363B53129}.MinSizeRel|x64.Build.0 = MinSizeRel|x64
		{233865A7-6DA4-3B5D-8060-088363B53129}.Release|Win32.ActiveCfg = Release|x64
		{233865A7-6DA4-3B5D-8060-088363B53129}.Release|x64.ActiveCfg = Release|x64
		{233865A7-6DA4-3B5D-8060-088363B53129}.Release|x64.Build.0 = Release|x64
		{233865A7-6DA4-3B5D-8060-088363B53129}.RelWithDebInfo|Win32.ActiveCfg = RelWithDebInfo|x64
		{233865A7-6DA4-3B5D-8060-088363B53129}.RelWithDebInfo|x64.ActiveCfg = RelWithDebInfo|x64
		{233865A7-6DA4-3B5D-8060-088363B53129}.RelWithDebInfo|x64.Build.0 = RelWithDebInfo|x64
		{233865A7-6DA4-3B5D-8060-088363B53129}.X86|Win32.ActiveCfg = X86|x64
		{233865A7-6DA4-3B5D-8060-088363B53129}.X86|x64.ActiveCfg = X86|x64
		{233865A7-6DA4-3B5D-8060-088363B53129}.X86|x64.Build.0 = X86|x64
		{DE5EAF48-AC67-3F62-947E-83E7244B31FC}.Debug|Win32.ActiveCfg = Debug|x64
		{DE5EAF48-AC67-3F62-947E-83E7244B31FC}.Debug|x64.ActiveCfg = Debug|x64
		{DE5EAF48-AC67-3F62-947E-83E7244B31FC}.Debug|x64.Build.0 = Debug|x64
		{DE5EAF48-AC67-3F62-947E-83E7244B31FC}.MinSizeRel|Win32.ActiveCfg = MinSizeRel|x64
		{DE5EAF48-AC67-3F62-947E-83E7244B31FC}.MinSizeRel|x64.ActiveCfg = MinSizeRel|x64
		{DE5EAF48-AC67-3F62-947E-83E7244B31FC}.MinSizeRel|x64.Build.0 = MinSizeRel|x64
		{DE5EAF48-AC67-3F62-947E-83E7244B31FC}.Release|Win32.ActiveCfg = Release|x64
		{DE5EAF48-AC67-3F62-947E-83E7244B31FC}.Release|x64.ActiveCfg = Release|x64
		{DE5EAF48-AC67-3F62-947E-83E7244B31FC}.Release|x64.Build.0 = Release|x64
		{DE5EAF48-AC67-3F62-947E-83E7244B31FC}.RelWithDebInfo|Win32.ActiveCfg = RelWithDebInfo|x64
		{DE5EAF48-AC67-3F62-947E-83E7244B31FC}.RelWithDebInfo|x64.ActiveCfg = RelWithDebInfo|x64
		{DE5EAF48-AC67-3F62-947E-83E7244B31FC}.RelWithDebInfo|x64.Build.0 = RelWithDebInfo|x64
		{DE5EAF48-AC67-3F62-947E-83E7244B31FC}.X86|Win32.ActiveCfg = X86|x64
		{DE5EAF48-AC67-3F62-947E-83E7244B31FC}.X86|x64.ActiveCfg = X86|x64
		{DE5EAF48-AC67-3F62-947E-83E7244B31FC}.X86|x64.Build.0 = X86|x64
		{8B86987A-406B-3C3F-8293-C05BA0E350A2}.Debug|Win32.ActiveCfg = Debug|x64
		{8B86987A-406B-3C3F-8293-C05BA0E350A2}.Debug|x64.ActiveCfg = Debug|x64
		{8B86987A-406B-3C3F-8293-C05BA0E350A2}.Debug|x64.Build.0 = Debug|x64
		{8B86987A-406B-3C3F-8293-C05BA0E350A2}.MinSizeRel|Win32.ActiveCfg = MinSizeRel|x64
		{8B86987A-406B-3C3F-8293-C05BA0E350A2}.MinSizeRel|x64.ActiveCfg = MinSizeRel|x64
		{8B86987A-406B-3C3F-8293-C05BA0E350A2}.MinSizeRel|x64.Build.0 = MinSizeRel|x64
		{8B86987A-406B-3C3F-8293-C05BA0E350A2}.Release|Win32.ActiveCfg = Release|x64
		{8B86987A-406B-3C3F-8293-C05BA0E350A2}.Release|x64.ActiveCfg = Release|x64
		{8B86987A-406B-3C3F-8293-C05BA0E350A2}.Release|x64.Build.0 = Release|x64
		{8B86987A-406B-3C3F-8293-C05BA0E350A2}.RelWithDebInfo|Win32.ActiveCfg = RelWithDebInfo|x64
		{8B86987A-406B-3C3F-8293-C05BA0E350A2}.RelWithDebInfo|x64.ActiveCfg = RelWithDebInfo|x64
		{8B86987A-406B-3C3F-8293-C05BA0E350A2}.RelWithDebInfo|x64.Build.0 = RelWithDebInfo|x64
		{8B86987A-406B-3C3F-8293-C05BA0E350A2}.X86|Win32.ActiveCfg = X86|x64
		{8B86987A-406B-3C3F-8293-C05BA0E350A2}.X86|x64.ActiveCfg = X86|x64
		{8B86987A-406B-3C3F-8293-C05BA0E350A2}.X86|x64.Build.0 = X86|x64
		{BEF87B6C-1EBF-3648-AC84-3D9A9ED6E271}.Debug|Win32.ActiveCfg = Debug|Win32
		{BEF87B6C-1EBF-3648-AC84-3D9A9ED6E271}.Debug|Win32.Build.0 = Debug|Win32
		{BEF87B6C-1EBF-3648-AC84-3D9A9ED6E271}.Debug|x64.ActiveCfg = Debug|x64
		{BEF87B6C-1EBF-3648-AC84-3D9A9ED6E271}.Debug|x64.Build.0 = Debug|x64
		{BEF87B6C-1EBF-3648-AC84-3D9A9ED6E271}.MinSizeRel|Win32.ActiveCfg = MinSizeRel|Win32
		{BEF87B6C-1EBF-3648-AC84-3D9A9ED6E271}.MinSizeRel|Win32.Build.0 = MinSizeRel|Win32
		{BEF87B6C-1EBF-3648-AC84-3D9A9ED6E271}.MinSizeRel|x64.ActiveCfg = MinSizeRel|x64
		{BEF87B6C-1EBF-3648-AC84-3D9A9ED6E271}.MinSizeRel|x64.Build.0 = MinSizeRel|x64
		{BEF87B6C-1EBF-3648-AC84-3D9A9ED6E271}.Release|Win32.ActiveCfg = Release|Win32
		{BEF87B6C-1EBF-3648-AC84-3D9A9ED6E271}.Release|Win32.Build.0 = Release|Win32
		{BEF87B6C-1EBF-3648-AC84-3D9A9ED6E271}.Release|x64.ActiveCfg = Release|x64
		{BEF87B6C-1EBF-3648-AC84-3D9A9ED6E271}.Release|x64.Build.0 = Release|x64
		{BEF87B6C-1EBF-3648-AC84-3D9A9ED6E271}.RelWithDebInfo|Win32.ActiveCfg = RelWithDebInfo|Win32
		{BEF87B6C-1EBF-3648-AC84-3D9A9ED6E271}.RelWithDebInfo|Win32.Build.0 = RelWithDebInfo|Win32
		{BEF87B6C-1EBF-3648-AC84-3D9A9ED6E271}.RelWithDebInfo|x64.ActiveCfg = RelWithDebInfo|x64
		{BEF87B6C-1EBF-3648-AC84-3D9A9ED6E271}.RelWithDebInfo|x64.Build.0 = RelWithDebInfo|x64
		{BEF87B6C-1EBF-3648-AC84-3D9A9ED6E271}.X86|Win32.ActiveCfg = X86|Win32
		{BEF87B6C-1EBF-3648-AC84-3D9A9ED6E271}.X86|Win32.Build.0 = X86|Win32
		{BEF87B6C-1EBF-3648-AC84-3D9A9ED6E271}.X86|x64.ActiveCfg = X86|x64
		{BEF87B6C-1EBF-3648-AC84-3D9A9ED6E271}.X86|x64.Build.0 = X86|x64
		{B6506491-A2F1-3675-A9FC-223D4FC0AB32}.Debug|Win32.ActiveCfg = Debug|x64
		{B6506491-A2F1-3675-A9FC-223D4FC0AB32}.Debug|x64.ActiveCfg = Debug|x64
		{B6506491-A2F1-3675-A9FC-223D4FC0AB32}.Debug|x64.Build.0 = Debug|x64
		{B6506491-A2F1-3675-A9FC-223D4FC0AB32}.MinSizeRel|Win32.ActiveCfg = MinSizeRel|x64
		{B6506491-A2F1-3675-A9FC-223D4FC0AB32}.MinSizeRel|x64.ActiveCfg = MinSizeRel|x64
		{B6506491-A2F1-3675-A9FC-223D4FC0AB32}.MinSizeRel|x64.Build.0 = MinSizeRel|x64
		{B6506491-A2F1-3675-A9FC-223D4FC0AB32}.Release|Win32.ActiveCfg = Release|x64
		{B6506491-A2F1-3675-A9FC-223D4FC0AB32}.Release|x64.ActiveCfg = Release|x64
		{B6506491-A2F1-3675-A9FC-223D4FC0AB32}.Release|x64.Build.0 = Release|x64
		{B6506491-A2F1-3675-A9FC-223D4FC0AB32}.RelWithDebInfo|Win32.ActiveCfg = RelWithDebInfo|x64
		{B6506491-A2F1-3675-A9FC-223D4FC0AB32}.RelWithDebInfo|x64.ActiveCfg = RelWithDebInfo|x64
		{B6506491-A2F1-3675-A9FC-223D4FC0AB32}.RelWithDebInfo|x64.Build.0 = RelWithDebInfo|x64
		{B6506491-A2F1-3675-A9FC-223D4FC0AB32}.X86|Win32.ActiveCfg = X86|x64
		{B6506491-A2F1-3675-A9FC-223D4FC0AB32}.X86|x64.ActiveCfg = X86|x64
		{B6506491-A2F1-3675-A9FC-223D4FC0AB32}.X86|x64.Build.0 = X86|x64
		{99B5FDE1-AC8B-3A4F-8B42-5AD35407E628}.Debug|Win32.ActiveCfg = Debug|x64
		{99B5FDE1-AC8B-3A4F-8B42-5AD35407E628}.Debug|x64.ActiveCfg = Debug|x64
		{99B5FDE1-AC8B-3A4F-8B42-5AD35407E628}.Debug|x64.Build.0 = Debug|x64
		{99B5FDE1-AC8B-3A4F-8B42-5AD35407E628}.MinSizeRel|Win32.ActiveCfg = MinSizeRel|x64
		{99B5FDE1-AC8B-3A4F-8B42-5AD35407E628}.MinSizeRel|x64.ActiveCfg = MinSizeRel|x64
		{99B5FDE1-AC8B-3A4F-8B42-5AD35407E628}.MinSizeRel|x64.Build.0 = MinSizeRel|x64
		{99B5FDE1-AC8B-3A4F-8B42-5AD35407E628}.Release|Win32.ActiveCfg = Release|x64
		{99B5FDE1-AC8B-3A4F-8B42-5AD35407E628}.Release|x64.ActiveCfg = Release|x64
		{99B5FDE1-AC8B-3A4F-8B42-5AD35407E628}.Release|x64.Build.0 = Release|x64
		{99B5FDE1-AC8B-3A4F-8B42-5AD35407E628}.RelWithDebInfo|Win32.ActiveCfg = RelWithDebInfo|x64
		{99B5FDE1-AC8B-3A4F-8B42-5AD35407E628}.RelWithDebInfo|x64.ActiveCfg = RelWithDebInfo|x64
		{99B5FDE1-AC8B-3A4F-8B42-5AD35407E628}.RelWithDebInfo|x64.Build.0 = RelWithDebInfo|x64
		{99B5FDE1-AC8B-3A4F-8B42-5AD35407E628}.X86|Win32.ActiveCfg = X86|x64
		{99B5FDE1-AC8B-3A4F-8B42-5AD35407E628}.X86|x64.ActiveCfg = X86|x64
		{99B5FDE1-AC8B-3A4F-8B42-5AD35407E628}.X86|x64.Build.0 = X86|x64
		{6AE6F64A-4E63-3DFE-A013-766B7A895460}.Debug|Win32.ActiveCfg = Debug|x64
		{6AE6F64A-4E63-3DFE-A013-766B7A895460}.Debug|x64.ActiveCfg = Debug|x64
		{6AE6F64A-4E63-3DFE-A013-766B7A895460}.Debug|x64.Build.0 = Debug|x64
		{6AE6F64A-4E63-3DFE-A013-766B7A895460}.MinSizeRel|Win32.ActiveCfg = MinSizeRel|x64
		{6AE6F64A-4E63-3DFE-A013-766B7A895460}.MinSizeRel|x64.ActiveCfg = MinSizeRel|x64
		{6AE6F64A-4E63-3DFE-A013-766B7A895460}.MinSizeRel|x64.Build.0 = MinSizeRel|x64
		{6AE6F64A-4E63-3DFE-A013-766B7A895460}.Release|Win32.ActiveCfg = Release|x64
		{6AE6F64A-4E63-3DFE-A013-766B7A895460}.Release|x64.ActiveCfg = Release|x64
		{6AE6F64A-4E63-3DFE-A013-766B7A895460}.Release|x64.Build.0 = Release|x64
		{6AE6F64A-4E63-3DFE-A013-766B7A895460}.RelWithDebInfo|Win32.ActiveCfg = RelWithDebInfo|x64
		{6AE6F64A-4E63-3DFE-A013-766B7A895460}.RelWithDebInfo|x64.ActiveCfg = RelWithDebInfo|x64
		{6AE6F64A-4E63-3DFE-A013-766B7A895460}.RelWithDebInfo|x64.Build.0 = RelWithDebInfo|x64
		{6AE6F64A-4E63-3DFE-A013-766B7A895460}.X86|Win32.ActiveCfg = X86|x64
		{6AE6F64A-4E63-3DFE-A013-766B7A895460}.X86|x64.ActiveCfg = X86|x64
		{6AE6F64A-4E63-3DFE-A013-766B7A895460}.X86|x64.Build.0 = X86|x64
		{C91A603D-7030-3263-9E04-7096404B94D7}.Debug|Win32.ActiveCfg = Debug|x64
		{C91A603D-7030-3263-9E04-7096404B94D7}.Debug|x64.ActiveCfg = Debug|x64
		{C91A603D-7030-3263-9E04-7096404B94D7}.Debug|x64.Build.0 = Debug|x64
		{C91A603D-7030-3263-9E04-7096404B94D7}.MinSizeRel|Win32.ActiveCfg = MinSizeRel|x64
		{C91A603D-7030-3263-9E04-7096404B94D7}.MinSizeRel|x64.ActiveCfg = MinSizeRel|x64
		{C91A603D-7030-3263-9E04-7096404B94D7}.MinSizeRel|x64.Build.0 = MinSizeRel|x64
		{C91A603D-7030-3263-9E04-7096404B94D7}.Release|Win32.ActiveCfg = Release|x64
		{C91A603D-7030-3263-9E04-7096404B94D7}.Release|x64.ActiveCfg = Release|x64
		{C91A603D-7030-3263-9E04-7096404B94D7}.Release|x64.Build.0 = Release|x64
		{C91A603D-7030-3263-9E04-7096404B94D7}.RelWithDebInfo|Win32.ActiveCfg = RelWithDebInfo|x64
		{C91A603D-7030-3263-9E04-7096404B94D7}.RelWithDebInfo|x64.ActiveCfg = RelWithDebInfo|x64
		{C91A603D-7030-3263-9E04-7096404B94D7}.RelWithDebInfo|x64.Build.0 = RelWithDebInfo|x64
		{C91A603D-7030-3263-9E04-7096404B94D7}.X86|Win32.ActiveCfg = X86|x64
		{C91A603D-7030-3263-9E04-7096404B94D7}.X86|x64.ActiveCfg = X86|x64
		{C91A603D-7030-3263-9E04-7096404B94D7}.X86|x64.Build.0 = X86|x64
		{0CBC6C91-BE3E-30EC-AF18-62A82DC7D076}.Debug|Win32.ActiveCfg = Debug|x64
		{0CBC6C91-BE3E-30EC-AF18-62A82DC7D076}.Debug|x64.ActiveCfg = Debug|x64
		{0CBC6C91-BE3E-30EC-AF18-62A82DC7D076}.Debug|x64.Build.0 = Debug|x64
		{0CBC6C91-BE3E-30EC-AF18-62A82DC7D076}.MinSizeRel|Win32.ActiveCfg = MinSizeRel|x64
		{0CBC6C91-BE3E-30EC-AF18-62A82DC7D076}.MinSizeRel|x64.ActiveCfg = MinSizeRel|x64
		{0CBC6C91-BE3E-30EC-AF18-62A82DC7D076}.MinSizeRel|x64.Build.0 = MinSizeRel|x64
		{0CBC6C91-BE3E-30EC-AF18-62A82DC7D076}.Release|Win32.ActiveCfg = Release|x64
		{0CBC6C91-BE3E-30EC-AF18-62A82DC7D076}.Release|x64.ActiveCfg = Release|x64
		{0CBC6C91-BE3E-30EC-AF18-62A82DC7D076}.Release|x64.Build.0 = Release|x64
		{0CBC6C91-BE3E-30EC-AF18-62A82DC7D076}.RelWithDebInfo|Win32.ActiveCfg = RelWithDebInfo|x64
		{0CBC6C91-BE3E-30EC-AF18-62A82DC7D076}.RelWithDebInfo|x64.ActiveCfg = RelWithDebInfo|x64
		{0CBC6C91-BE3E-30EC-AF18-62A82DC7D076}.RelWithDebInfo|x64.Build.0 = RelWithDebInfo|x64
		{0CBC6C91-BE3E-30EC-AF18-62A82DC7D076}.X86|Win32.ActiveCfg = X86|x64
		{0CBC6C91-BE3E-30EC-AF18-62A82DC7D076}.X86|x64.ActiveCfg = X86|x64
		{0CBC6C91-BE3E-30EC-AF18-62A82DC7D076}.X86|x64.Build.0 = X86|x64
		{6907BC16-E36E-325C-8DB5-E82779763CD4}.Debug|Win32.ActiveCfg = Debug|x64
		{6907BC16-E36E-325C-8DB5-E82779763CD4}.Debug|x64.ActiveCfg = Debug|x64
		{6907BC16-E36E-325C-8DB5-E82779763CD4}.Debug|x64.Build.0 = Debug|x64
		{6907BC16-E36E-325C-8DB5-E82779763CD4}.MinSizeRel|Win32.ActiveCfg = MinSizeRel|x64
		{6907BC16-E36E-325C-8DB5-E82779763CD4}.MinSizeRel|x64.ActiveCfg = MinSizeRel|x64
		{6907BC16-E36E-325C-8DB5-E82779763CD4}.MinSizeRel|x64.Build.0 = MinSizeRel|x64
		{6907BC16-E36E-325C-8DB5-E82779763CD4}.Release|Win32.ActiveCfg = Release|x64
		{6907BC16-E36E-325C-8DB5-E82779763CD4}.Release|x64.ActiveCfg = Release|x64
		{6907BC16-E36E-325C-8DB5-E82779763CD4}.Release|x64.Build.0 = Release|x64
		{6907BC16-E36E-325C-8DB5-E82779763CD4}.RelWithDebInfo|Win32.ActiveCfg = RelWithDebInfo|x64
		{6907BC16-E36E-325C-8DB5-E82779763CD4}.RelWithDebInfo|x64.ActiveCfg = RelWithDebInfo|x64
		{6907BC16-E36E-325C-8DB5-E82779763CD4}.RelWithDebInfo|x64.Build.0 = RelWithDebInfo|x64
		{6907BC16-E36E-325C-8DB5-E82779763CD4}.X86|Win32.ActiveCfg = X86|x64
		{6907BC16-E36E-325C-8DB5-E82779763CD4}.X86|x64.ActiveCfg = X86|x64
		{6907BC16-E36E-325C-8DB5-E82779763CD4}.X86|x64.Build.0 = X86|x64
	EndGlobalSection
	GlobalSection(SolutionProperties) = preSolution
		HideSolutionNode = FALSE
	EndGlobalSection
	GlobalSection(NestedProjects) = preSolution
		{04414553-1389-33C5-907F-1F5556AA77DF} = {369359F6-AC92-3D46-B479-AFBBA948635F}
		{B0D020C5-9C17-3B59-9D56-E06FD8F3563C} = {C2FC3468-2B27-3EF5-B9D8-2CBC831B8DA9}
		{4B4CA61C-4A10-3DDF-AC41-B7676673192C} = {369359F6-AC92-3D46-B479-AFBBA948635F}
		{183FE41C-A3C4-3093-A02C-88C8AF72205F} = {1F919379-B688-3762-B79E-EB2733E426CA}
		{28676B1B-4CD2-3FE3-A9E5-4F6910F0E637} = {EA886CDD-F0F6-3414-BCD0-4FD7E221155B}
		{233865A7-6DA4-3B5D-8060-088363B53129} = {EA886CDD-F0F6-3414-BCD0-4FD7E221155B}
		{DE5EAF48-AC67-3F62-947E-83E7244B31FC} = {EA886CDD-F0F6-3414-BCD0-4FD7E221155B}
		{8B86987A-406B-3C3F-8293-C05BA0E350A2} = {EA886CDD-F0F6-3414-BCD0-4FD7E221155B}
		{BEF87B6C-1EBF-3648-AC84-3D9A9ED6E271} = {EA886CDD-F0F6-3414-BCD0-4FD7E221155B}
		{B6506491-A2F1-3675-A9FC-223D4FC0AB32} = {EA886CDD-F0F6-3414-BCD0-4FD7E221155B}
		{99B5FDE1-AC8B-3A4F-8B42-5AD35407E628} = {EA886CDD-F0F6-3414-BCD0-4FD7E221155B}
		{6AE6F64A-4E63-3DFE-A013-766B7A895460} = {EA886CDD-F0F6-3414-BCD0-4FD7E221155B}
		{C91A603D-7030-3263-9E04-7096404B94D7} = {EA886CDD-F0F6-3414-BCD0-4FD7E221155B}
		{0CBC6C91-BE3E-30EC-AF18-62A82DC7D076} = {EA886CDD-F0F6-3414-BCD0-4FD7E221155B}
		{6907BC16-E36E-325C-8DB5-E82779763CD4} = {EA886CDD-F0F6-3414-BCD0-4FD7E221155B}
	EndGlobalSection
	GlobalSection(ExtensibilityGlobals) = postSolution
		SolutionGuid = {ADFDDC42-C032-3DC9-A525-AD6F57C28F13}
	EndGlobalSection
EndGlobal
