<?xml version="1.0" encoding="utf-8"?>
<Project ToolsVersion="16.0" xmlns="http://schemas.microsoft.com/developer/msbuild/2003">
  <ItemGroup>
    <CustomBuild Include="D:\Downloads\cocos2d-x-4.0\test_proj\Spinner\CMakeFiles\a840f30d708f8f8bbd5b13985b29c221\SYNC_RESOURCE-Spinner.rule">
      <Filter>CMake Rules</Filter>
    </CustomBuild>
    <CustomBuild Include="D:\Downloads\cocos2d-x-4.0\test_proj\Spinner\CMakeLists.txt" />
  </ItemGroup>
  <ItemGroup>
    <None Include="D:\Downloads\cocos2d-x-4.0\test_proj\Spinner\CMakeFiles\SYNC_RESOURCE-Spinner" />
  </ItemGroup>
  <ItemGroup>
    <Filter Include="CMake Rules">
      <UniqueIdentifier>{B2CFDA12-D6ED-38E8-A316-3BCD3D02338C}</UniqueIdentifier>
    </Filter>
  </ItemGroup>
</Project>
